{
  "version": 4,
  "terraform_version": "1.4.0",
  "serial": 3,
  "lineage": "9f7086e0-c3a1-bec8-062f-dc00ac1a4dd9",
  "outputs": {},
  "resources": [
    {
      "mode": "data",
      "type": "azurerm_subscription",
      "name": "primary",
      "provider": "provider[\"registry.terraform.io/hashicorp/azurerm\"]",
      "instances": [
        {
          "schema_version": 0,
          "attributes": {
            "display_name": "Free Trial",
            "id": "/subscriptions/e126fcba-7c75-41a0-9954-2ee9d8e0ebcb",
            "location_placement_id": "PublicAndIndia_2015-09-01",
            "quota_id": "FreeTrial_2014-09-01",
            "spending_limit": "On",
            "state": "Enabled",
            "subscription_id": "e126fcba-7c75-41a0-9954-2ee9d8e0ebcb",
            "tags": {},
            "tenant_id": "045aecf4-4cf3-4323-b7ca-cf9fd84f9916",
            "timeouts": null
          },
          "sensitive_attributes": []
        }
      ]
    },
    {
      "mode": "managed",
      "type": "azurerm_lighthouse_assignment",
      "name": "example",
      "provider": "provider[\"registry.terraform.io/hashicorp/azurerm\"]",
      "instances": [
        {
          "schema_version": 0,
          "attributes": {
            "id": "/subscriptions/e126fcba-7c75-41a0-9954-2ee9d8e0ebcb/resourceGroups/test/providers/Microsoft.ManagedServices/registrationAssignments/dd6d81f7-b7ec-4192-79b7-45c9517467fc",
            "lighthouse_definition_id": "/subscriptions/e126fcba-7c75-41a0-9954-2ee9d8e0ebcb/providers/Microsoft.ManagedServices/registrationDefinitions/bb226f7a-6c00-bd6f-e7b4-7ebd021a962f",
            "name": "dd6d81f7-b7ec-4192-79b7-45c9517467fc",
            "scope": "/subscriptions/e126fcba-7c75-41a0-9954-2ee9d8e0ebcb/resourceGroups/test",
            "timeouts": null
          },
          "sensitive_attributes": [],
          "private": "eyJlMmJmYjczMC1lY2FhLTExZTYtOGY4OC0zNDM2M2JjN2M0YzAiOnsiY3JlYXRlIjoxODAwMDAwMDAwMDAwLCJkZWxldGUiOjE4MDAwMDAwMDAwMDAsInJlYWQiOjMwMDAwMDAwMDAwMH19",
          "dependencies": [
            "azurerm_lighthouse_definition.example"
          ]
        }
      ]
    },
    {
      "mode": "managed",
      "type": "azurerm_lighthouse_definition",
      "name": "example",
      "provider": "provider[\"registry.terraform.io/hashicorp/azurerm\"]",
      "instances": [
        {
          "schema_version": 0,
          "attributes": {
            "authorization": [
              {
                "delegated_role_definition_ids": [],
                "principal_display_name": "Ani_LightHouse_Contributor",
                "principal_id": "fd6612c5-1270-453b-a77a-0290a35e9422",
                "role_definition_id": "b24988ac-6180-42a0-ab88-20f7382dd24c"
              },
              {
                "delegated_role_definition_ids": [],
                "principal_display_name": "Ani_LightHouse_Reader",
                "principal_id": "bc1d4326-a698-43dc-b7e9-8951a4493a19",
                "role_definition_id": "acdd72a7-3385-48ef-bd42-f606fba81ae7"
              }
            ],
            "description": "This is a lighthouse definition created via Terraform",
            "eligible_authorization": [],
            "id": "/subscriptions/e126fcba-7c75-41a0-9954-2ee9d8e0ebcb/providers/Microsoft.ManagedServices/registrationDefinitions/bb226f7a-6c00-bd6f-e7b4-7ebd021a962f",
            "lighthouse_definition_id": "bb226f7a-6c00-bd6f-e7b4-7ebd021a962f",
            "managing_tenant_id": "c5e27dfd-701b-4853-b117-7a5420d1d05b",
            "name": "Lighthouse definition",
            "plan": [],
            "scope": "/subscriptions/e126fcba-7c75-41a0-9954-2ee9d8e0ebcb",
            "timeouts": null
          },
          "sensitive_attributes": [],
          "private": "eyJlMmJmYjczMC1lY2FhLTExZTYtOGY4OC0zNDM2M2JjN2M0YzAiOnsiY3JlYXRlIjoxODAwMDAwMDAwMDAwLCJkZWxldGUiOjE4MDAwMDAwMDAwMDAsInJlYWQiOjMwMDAwMDAwMDAwMCwidXBkYXRlIjoxODAwMDAwMDAwMDAwfX0="
        }
      ]
    }
  ],
  "check_results": null
}
